# THIS IS AN AUTOGENERATED FILE. DO NOT EDIT THIS FILE DIRECTLY.
# yarn lockfile v1


"@lirx/async-task@latest":
  version "1.2.0"
  resolved "http://localhost:4873/@lirx/async-task/-/async-task-1.2.0.tgz#3358038f78d63f3eecad0f10e4c6e019dab710b8"
  integrity sha512-OTT0FYeYrRPmmOe/sgTt6nTOiL+r3Hq6Fbqnkh4L8ca7rGr1HAD5xZZ/7ym7lhIfnMSRyZbuXRatPqM2qMZurA==

"@lirx/stream@latest":
  version "0.8.0-dev.1684078265639"
  resolved "http://localhost:4873/@lirx/stream/-/stream-0.8.0-dev.1684078265639.tgz#29b26c15355cbf0e9b95ad62decb2a32d98e88f8"
  integrity sha512-bIUojQcUIF2gB585ly/Om45N6qmN5AmaNRSQ2CmvxP1QR7jVl3NcA5kvFOawIVaif3HjZ8PRQboasn29i8LCMg==
  dependencies:
    "@lirx/async-task" latest
    "@lirx/utils" latest

"@lirx/utils@latest":
  version "1.1.1"
  resolved "http://localhost:4873/@lirx/utils/-/utils-1.1.1.tgz#78e1bcc6b8d961b680517797c6d8ebced6d10956"
  integrity sha512-FIh/xx8aYJmTEhxwUtwESTbpecRn2qpbWHV5gAx4wDhe7gV/eAz7Ko6AU+tFNThX3DjN7aKA9apYZpvivjoCHA==
